# This file was autogenerated by Stack.
# You should not edit this file by hand.
# For more information, please see the documentation at:
#   https://docs.haskellstack.org/en/stable/lock_files

packages:
- completed:
    name: fused-effects
    version: 1.1.0.0
    git: git@github.com:fused-effects/fused-effects.git
    pantry-tree:
      size: 7377
      sha256: 940b4f28ef0380592f38432275150ee3a7625f01a7517f2d1087fe983926434b
    commit: 755f373682f35ffe7b86ec41e8d44b7dc9890855
  original:
    git: git@github.com:fused-effects/fused-effects.git
    commit: 755f373682f35ffe7b86ec41e8d44b7dc9890855
snapshots:
- completed:
    size: 520653
    url: https://raw.githubusercontent.com/commercialhaskell/stackage-snapshots/master/nightly/2020/8/12.yaml
    sha256: 2535c05edcc305c5600e26b69d95070cb946835e26699c8aa114b6aa532efce3
  original: nightly-2020-08-12
